
Microsoft Visual Studio Solution File, Format Version 12.00
# Visual Studio Version 17
VisualStudioVersion = 17.7.34031.279
MinimumVisualStudioVersion = 10.0.40219.1
Project("{FAE04EC0-301F-11D3-BF4B-00C04F79EFBC}") = "Algorithms and Complexity Assessment", "Algorithms and Complexity Assessment\Algorithms and Complexity Assessment.csproj", "{D1934CD6-1644-4F0E-885F-B5C1659BEA93}"
EndProject
Global
	GlobalSection(SolutionConfigurationPlatforms) = preSolution
		Debug|Any CPU = Debug|Any CPU
		Release|Any CPU = Release|Any CPU
	EndGlobalSection
	GlobalSection(ProjectConfigurationPlatforms) = postSolution
		{D1934CD6-1644-4F0E-885F-B5C1659BEA93}.Debug|Any CPU.ActiveCfg = Debug|Any CPU
		{D1934CD6-1644-4F0E-885F-B5C1659BEA93}.Debug|Any CPU.Build.0 = Debug|Any CPU
		{D1934CD6-1644-4F0E-885F-B5C1659BEA93}.Release|Any CPU.ActiveCfg = Release|Any CPU
		{D1934CD6-1644-4F0E-885F-B5C1659BEA93}.Release|Any CPU.Build.0 = Release|Any CPU
	EndGlobalSection
	GlobalSection(SolutionProperties) = preSolution
		HideSolutionNode = FALSE
	EndGlobalSection
	GlobalSection(ExtensibilityGlobals) = postSolution
		SolutionGuid = {510DA84A-D8FB-47B9-8A28-88B540EA772C}
	EndGlobalSection
EndGlobal
